// !$*UTF8*$!
{
	archiveVersion = 1;
	classes = {
	};
	objectVersion = 48;
	objects = {

/* Begin PBXBuildFile section */
		2E24BF1A1FC1BDCD004A9F0E /* AppDelegate.m in Sources */ = {isa = PBXBuildFile; fileRef = 2E24BF191FC1BDCD004A9F0E /* AppDelegate.m */; };
		2E24BF1D1FC1BDCD004A9F0E /* ViewController.m in Sources */ = {isa = PBXBuildFile; fileRef = 2E24BF1C1FC1BDCD004A9F0E /* ViewController.m */; };
		2E24BF201FC1BDCD004A9F0E /* Main.storyboard in Resources */ = {isa = PBXBuildFile; fileRef = 2E24BF1E1FC1BDCD004A9F0E /* Main.storyboard */; };
		2E24BF221FC1BDCD004A9F0E /* Assets.xcassets in Resources */ = {isa = PBXBuildFile; fileRef = 2E24BF211FC1BDCD004A9F0E /* Assets.xcassets */; };
		2E24BF251FC1BDCD004A9F0E /* LaunchScreen.storyboard in Resources */ = {isa = PBXBuildFile; fileRef = 2E24BF231FC1BDCD004A9F0E /* LaunchScreen.storyboard */; };
		2E24BF281FC1BDCD004A9F0E /* main.m in Sources */ = {isa = PBXBuildFile; fileRef = 2E24BF271FC1BDCD004A9F0E /* main.m */; };
		2E24BF3D1FC1C012004A9F0E /* ZRHomeAllData.m in Sources */ = {isa = PBXBuildFile; fileRef = 2E24BF3B1FC1C012004A9F0E /* ZRHomeAllData.m */; };
		2EF03A0D1FC1D1B500BFC526 /* ZRBarCharView.m in Sources */ = {isa = PBXBuildFile; fileRef = 2E24BF301FC1BDEF004A9F0E /* ZRBarCharView.m */; };
		2EF03A0E1FC1D1B500BFC526 /* ZRBarCharViewCell.m in Sources */ = {isa = PBXBuildFile; fileRef = 2E24BF321FC1BDEF004A9F0E /* ZRBarCharViewCell.m */; };
		2EF03A0F1FC1D1B500BFC526 /* ZRBarView.m in Sources */ = {isa = PBXBuildFile; fileRef = 2E24BF341FC1BDEF004A9F0E /* ZRBarView.m */; };
		2EF03A101FC1D1B500BFC526 /* ZRDottedLineView.m in Sources */ = {isa = PBXBuildFile; fileRef = 2E24BF361FC1BDEF004A9F0E /* ZRDottedLineView.m */; };
		2EF03A121FC1D1B500BFC526 /* ZRLineView.m in Sources */ = {isa = PBXBuildFile; fileRef = 2E24BF3A1FC1BDEF004A9F0E /* ZRLineView.m */; };
		2EF03A151FC1D1FA00BFC526 /* UIView+ZRFrame.m in Sources */ = {isa = PBXBuildFile; fileRef = 2EF03A131FC1D1FA00BFC526 /* UIView+ZRFrame.m */; };
/* End PBXBuildFile section */

/* Begin PBXFileReference section */
		2E24BF151FC1BDCD004A9F0E /* CharView.app */ = {isa = PBXFileReference; explicitFileType = wrapper.application; includeInIndex = 0; path = CharView.app; sourceTree = BUILT_PRODUCTS_DIR; };
		2E24BF181FC1BDCD004A9F0E /* AppDelegate.h */ = {isa = PBXFileReference; lastKnownFileType = sourcecode.c.h; path = AppDelegate.h; sourceTree = "<group>"; };
		2E24BF191FC1BDCD004A9F0E /* AppDelegate.m */ = {isa = PBXFileReference; lastKnownFileType = sourcecode.c.objc; path = AppDelegate.m; sourceTree = "<group>"; };
		2E24BF1B1FC1BDCD004A9F0E /* ViewController.h */ = {isa = PBXFileReference; lastKnownFileType = sourcecode.c.h; path = ViewController.h; sourceTree = "<group>"; };
		2E24BF1C1FC1BDCD004A9F0E /* ViewController.m */ = {isa = PBXFileReference; lastKnownFileType = sourcecode.c.objc; path = ViewController.m; sourceTree = "<group>"; };
		2E24BF1F1FC1BDCD004A9F0E /* Base */ = {isa = PBXFileReference; lastKnownFileType = file.storyboard; name = Base; path = Base.lproj/Main.storyboard; sourceTree = "<group>"; };
		2E24BF211FC1BDCD004A9F0E /* Assets.xcassets */ = {isa = PBXFileReference; lastKnownFileType = folder.assetcatalog; path = Assets.xcassets; sourceTree = "<group>"; };
		2E24BF241FC1BDCD004A9F0E /* Base */ = {isa = PBXFileReference; lastKnownFileType = file.storyboard; name = Base; path = Base.lproj/LaunchScreen.storyboard; sourceTree = "<group>"; };
		2E24BF261FC1BDCD004A9F0E /* Info.plist */ = {isa = PBXFileReference; lastKnownFileType = text.plist.xml; path = Info.plist; sourceTree = "<group>"; };
		2E24BF271FC1BDCD004A9F0E /* main.m */ = {isa = PBXFileReference; lastKnownFileType = sourcecode.c.objc; path = main.m; sourceTree = "<group>"; };
		2E24BF2F1FC1BDEF004A9F0E /* ZRBarCharView.h */ = {isa = PBXFileReference; lastKnownFileType = sourcecode.c.h; path = ZRBarCharView.h; sourceTree = "<group>"; };
		2E24BF301FC1BDEF004A9F0E /* ZRBarCharView.m */ = {isa = PBXFileReference; lastKnownFileType = sourcecode.c.objc; path = ZRBarCharView.m; sourceTree = "<group>"; };
		2E24BF311FC1BDEF004A9F0E /* ZRBarCharViewCell.h */ = {isa = PBXFileReference; lastKnownFileType = sourcecode.c.h; path = ZRBarCharViewCell.h; sourceTree = "<group>"; };
		2E24BF321FC1BDEF004A9F0E /* ZRBarCharViewCell.m */ = {isa = PBXFileReference; lastKnownFileType = sourcecode.c.objc; path = ZRBarCharViewCell.m; sourceTree = "<group>"; };
		2E24BF331FC1BDEF004A9F0E /* ZRBarView.h */ = {isa = PBXFileReference; lastKnownFileType = sourcecode.c.h; path = ZRBarView.h; sourceTree = "<group>"; };
		2E24BF341FC1BDEF004A9F0E /* ZRBarView.m */ = {isa = PBXFileReference; lastKnownFileType = sourcecode.c.objc; path = ZRBarView.m; sourceTree = "<group>"; };
		2E24BF351FC1BDEF004A9F0E /* ZRDottedLineView.h */ = {isa = PBXFileReference; lastKnownFileType = sourcecode.c.h; path = ZRDottedLineView.h; sourceTree = "<group>"; };
		2E24BF361FC1BDEF004A9F0E /* ZRDottedLineView.m */ = {isa = PBXFileReference; lastKnownFileType = sourcecode.c.objc; path = ZRDottedLineView.m; sourceTree = "<group>"; };
		2E24BF391FC1BDEF004A9F0E /* ZRLineView.h */ = {isa = PBXFileReference; lastKnownFileType = sourcecode.c.h; path = ZRLineView.h; sourceTree = "<group>"; };
		2E24BF3A1FC1BDEF004A9F0E /* ZRLineView.m */ = {isa = PBXFileReference; lastKnownFileType = sourcecode.c.objc; path = ZRLineView.m; sourceTree = "<group>"; };
		2E24BF3B1FC1C012004A9F0E /* ZRHomeAllData.m */ = {isa = PBXFileReference; lastKnownFileType = sourcecode.c.objc; path = ZRHomeAllData.m; sourceTree = "<group>"; };
		2E24BF3C1FC1C012004A9F0E /* ZRHomeAllData.h */ = {isa = PBXFileReference; lastKnownFileType = sourcecode.c.h; path = ZRHomeAllData.h; sourceTree = "<group>"; };
		2EF03A131FC1D1FA00BFC526 /* UIView+ZRFrame.m */ = {isa = PBXFileReference; lastKnownFileType = sourcecode.c.objc; path = "UIView+ZRFrame.m"; sourceTree = "<group>"; };
		2EF03A141FC1D1FA00BFC526 /* UIView+ZRFrame.h */ = {isa = PBXFileReference; lastKnownFileType = sourcecode.c.h; path = "UIView+ZRFrame.h"; sourceTree = "<group>"; };
/* End PBXFileReference section */

/* Begin PBXFrameworksBuildPhase section */
		2E24BF121FC1BDCD004A9F0E /* Frameworks */ = {
			isa = PBXFrameworksBuildPhase;
			buildActionMask = 2147483647;
			files = (
			);
			runOnlyForDeploymentPostprocessing = 0;
		};
/* End PBXFrameworksBuildPhase section */

/* Begin PBXGroup section */
		2E24BF0C1FC1BDCC004A9F0E = {
			isa = PBXGroup;
			children = (
				2E24BF171FC1BDCD004A9F0E /* CharView */,
				2E24BF161FC1BDCD004A9F0E /* Products */,
			);
			sourceTree = "<group>";
		};
		2E24BF161FC1BDCD004A9F0E /* Products */ = {
			isa = PBXGroup;
			children = (
				2E24BF151FC1BDCD004A9F0E /* CharView.app */,
			);
			name = Products;
			sourceTree = "<group>";
		};
		2E24BF171FC1BDCD004A9F0E /* CharView */ = {
			isa = PBXGroup;
			children = (
				2E24BF181FC1BDCD004A9F0E /* AppDelegate.h */,
				2E24BF191FC1BDCD004A9F0E /* AppDelegate.m */,
				2E24BF3C1FC1C012004A9F0E /* ZRHomeAllData.h */,
				2E24BF3B1FC1C012004A9F0E /* ZRHomeAllData.m */,
				2E24BF1B1FC1BDCD004A9F0E /* ViewController.h */,
				2E24BF1C1FC1BDCD004A9F0E /* ViewController.m */,
				2EF03A141FC1D1FA00BFC526 /* UIView+ZRFrame.h */,
				2EF03A131FC1D1FA00BFC526 /* UIView+ZRFrame.m */,
				2E24BF2E1FC1BDEF004A9F0E /* ZRBarView */,
				2E24BF1E1FC1BDCD004A9F0E /* Main.storyboard */,
				2E24BF211FC1BDCD004A9F0E /* Assets.xcassets */,
				2E24BF231FC1BDCD004A9F0E /* LaunchScreen.storyboard */,
				2E24BF261FC1BDCD004A9F0E /* Info.plist */,
				2E24BF271FC1BDCD004A9F0E /* main.m */,
			);
			path = CharView;
			sourceTree = "<group>";
		};
		2E24BF2E1FC1BDEF004A9F0E /* ZRBarView */ = {
			isa = PBXGroup;
			children = (
				2E24BF2F1FC1BDEF004A9F0E /* ZRBarCharView.h */,
				2E24BF301FC1BDEF004A9F0E /* ZRBarCharView.m */,
				2E24BF311FC1BDEF004A9F0E /* ZRBarCharViewCell.h */,
				2E24BF321FC1BDEF004A9F0E /* ZRBarCharViewCell.m */,
				2E24BF331FC1BDEF004A9F0E /* ZRBarView.h */,
				2E24BF341FC1BDEF004A9F0E /* ZRBarView.m */,
				2E24BF351FC1BDEF004A9F0E /* ZRDottedLineView.h */,
				2E24BF361FC1BDEF004A9F0E /* ZRDottedLineView.m */,
				2E24BF391FC1BDEF004A9F0E /* ZRLineView.h */,
				2E24BF3A1FC1BDEF004A9F0E /* ZRLineView.m */,
			);
			path = ZRBarView;
			sourceTree = "<group>";
		};
/* End PBXGroup section */

/* Begin PBXNativeTarget section */
		2E24BF141FC1BDCD004A9F0E /* CharView */ = {
			isa = PBXNativeTarget;
			buildConfigurationList = 2E24BF2B1FC1BDCD004A9F0E /* Build configuration list for PBXNativeTarget "CharView" */;
			buildPhases = (
				2E24BF111FC1BDCD004A9F0E /* Sources */,
				2E24BF121FC1BDCD004A9F0E /* Frameworks */,
				2E24BF131FC1BDCD004A9F0E /* Resources */,
			);
			buildRules = (
			);
			dependencies = (
			);
			name = CharView;
			productName = CharView;
			productReference = 2E24BF151FC1BDCD004A9F0E /* CharView.app */;
			productType = "com.apple.product-type.application";
		};
/* End PBXNativeTarget section */

/* Begin PBXProject section */
		2E24BF0D1FC1BDCD004A9F0E /* Project object */ = {
			isa = PBXProject;
			attributes = {
				LastUpgradeCheck = 0900;
				ORGANIZATIONNAME = ZR;
				TargetAttributes = {
					2E24BF141FC1BDCD004A9F0E = {
						CreatedOnToolsVersion = 9.0;
						ProvisioningStyle = Automatic;
					};
				};
			};
			buildConfigurationList = 2E24BF101FC1BDCD004A9F0E /* Build configuration list for PBXProject "CharView" */;
			compatibilityVersion = "Xcode 8.0";
			developmentRegion = en;
			hasScannedForEncodings = 0;
			knownRegions = (
				en,
				Base,
			);
			mainGroup = 2E24BF0C1FC1BDCC004A9F0E;
			productRefGroup = 2E24BF161FC1BDCD004A9F0E /* Products */;
			projectDirPath = "";
			projectRoot = "";
			targets = (
				2E24BF141FC1BDCD004A9F0E /* CharView */,
			);
		};
/* End PBXProject section */

/* Begin PBXResourcesBuildPhase section */
		2E24BF131FC1BDCD004A9F0E /* Resources */ = {
			isa = PBXResourcesBuildPhase;
			buildActionMask = 2147483647;
			files = (
				2E24BF251FC1BDCD004A9F0E /* LaunchScreen.storyboard in Resources */,
				2E24BF221FC1BDCD004A9F0E /* Assets.xcassets in Resources */,
				2E24BF201FC1BDCD004A9F0E /* Main.storyboard in Resources */,
			);
			runOnlyForDeploymentPostprocessing = 0;
		};
/* End PBXResourcesBuildPhase section */

/* Begin PBXSourcesBuildPhase section */
		2E24BF111FC1BDCD004A9F0E /* Sources */ = {
			isa = PBXSourcesBuildPhase;
			buildActionMask = 2147483647;
			files = (
				2EF03A0D1FC1D1B500BFC526 /* ZRBarCharView.m in Sources */,
				2EF03A0E1FC1D1B500BFC526 /* ZRBarCharViewCell.m in Sources */,
				2EF03A0F1FC1D1B500BFC526 /* ZRBarView.m in Sources */,
				2EF03A101FC1D1B500BFC526 /* ZRDottedLineView.m in Sources */,
				2EF03A121FC1D1B500BFC526 /* ZRLineView.m in Sources */,
				2E24BF1D1FC1BDCD004A9F0E /* ViewController.m in Sources */,
				2EF03A151FC1D1FA00BFC526 /* UIView+ZRFrame.m in Sources */,
				2E24BF281FC1BDCD004A9F0E /* main.m in Sources */,
				2E24BF3D1FC1C012004A9F0E /* ZRHomeAllData.m in Sources */,
				2E24BF1A1FC1BDCD004A9F0E /* AppDelegate.m in Sources */,
			);
			runOnlyForDeploymentPostprocessing = 0;
		};
/* End PBXSourcesBuildPhase section */

/* Begin PBXVariantGroup section */
		2E24BF1E1FC1BDCD004A9F0E /* Main.storyboard */ = {
			isa = PBXVariantGroup;
			children = (
				2E24BF1F1FC1BDCD004A9F0E /* Base */,
			);
			name = Main.storyboard;
			sourceTree = "<group>";
		};
		2E24BF231FC1BDCD004A9F0E /* LaunchScreen.storyboard */ = {
			isa = PBXVariantGroup;
			children = (
				2E24BF241FC1BDCD004A9F0E /* Base */,
			);
			name = LaunchScreen.storyboard;
			sourceTree = "<group>";
		};
/* End PBXVariantGroup section */

/* Begin XCBuildConfiguration section */
		2E24BF291FC1BDCD004A9F0E /* Debug */ = {
			isa = XCBuildConfiguration;
			buildSettings = {
				ALWAYS_SEARCH_USER_PATHS = NO;
				CLANG_ANALYZER_NONNULL = YES;
				CLANG_ANALYZER_NUMBER_OBJECT_CONVERSION = YES_AGGRESSIVE;
				CLANG_CXX_LANGUAGE_STANDARD = "gnu++14";
				CLANG_CXX_LIBRARY = "libc++";
				CLANG_ENABLE_MODULES = YES;
				CLANG_ENABLE_OBJC_ARC = YES;
				CLANG_WARN_BLOCK_CAPTURE_AUTORELEASING = YES;
				CLANG_WARN_BOOL_CONVERSION = YES;
				CLANG_WARN_COMMA = YES;
				CLANG_WARN_CONSTANT_CONVERSION = YES;
				CLANG_WARN_DIRECT_OBJC_ISA_USAGE = YES_ERROR;
				CLANG_WARN_DOCUMENTATION_COMMENTS = YES;
				CLANG_WARN_EMPTY_BODY = YES;
				CLANG_WARN_ENUM_CONVERSION = YES;
				CLANG_WARN_INFINITE_RECURSION = YES;
				CLANG_WARN_INT_CONVERSION = YES;
				CLANG_WARN_NON_LITERAL_NULL_CONVERSION = YES;
				CLANG_WARN_OBJC_LITERAL_CONVERSION = YES;
				CLANG_WARN_OBJC_ROOT_CLASS = YES_ERROR;
				CLANG_WARN_RANGE_LOOP_ANALYSIS = YES;
				CLANG_WARN_STRICT_PROTOTYPES = YES;
				CLANG_WARN_SUSPICIOUS_MOVE = YES;
				CLANG_WARN_UNGUARDED_AVAILABILITY = YES_AGGRESSIVE;
				CLANG_WARN_UNREACHABLE_CODE = YES;
				CLANG_WARN__DUPLICATE_METHOD_MATCH = YES;
				CODE_SIGN_IDENTITY = "iPhone Developer";
				COPY_PHASE_STRIP = NO;
				DEBUG_INFORMATION_FORMAT = dwarf;
				ENABLE_STRICT_OBJC_MSGSEND = YES;
				ENABLE_TESTABILITY = YES;
				GCC_C_LANGUAGE_STANDARD = gnu11;
				GCC_DYNAMIC_NO_PIC = NO;
				GCC_NO_COMMON_BLOCKS = YES;
				GCC_OPTIMIZATION_LEVEL = 0;
				GCC_PREPROCESSOR_DEFINITIONS = (
					"DEBUG=1",
					"$(inherited)",
				);
				GCC_WARN_64_TO_32_BIT_CONVERSION = YES;
				GCC_WARN_ABOUT_RETURN_TYPE = YES_ERROR;
				GCC_WARN_UNDECLARED_SELECTOR = YES;
				GCC_WARN_UNINITIALIZED_AUTOS = YES_AGGRESSIVE;
				GCC_WARN_UNUSED_FUNCTION = YES;
				GCC_WARN_UNUSED_VARIABLE = YES;
				IPHONEOS_DEPLOYMENT_TARGET = 11.0;
				MTL_ENABLE_DEBUG_INFO = YES;
				ONLY_ACTIVE_ARCH = YES;
				SDKROOT = iphoneos;
			};
			name = Debug;
		};
		2E24BF2A1FC1BDCD004A9F0E /* Release */ = {
			isa = XCBuildConfiguration;
			buildSettings = {
				ALWAYS_SEARCH_USER_PATHS = NO;
				CLANG_ANALYZER_NONNULL = YES;
				CLANG_ANALYZER_NUMBER_OBJECT_CONVERSION = YES_AGGRESSIVE;
				CLANG_CXX_LANGUAGE_STANDARD = "gnu++14";
				CLANG_CXX_LIBRARY = "libc++";
				CLANG_ENABLE_MODULES = YES;
				CLANG_ENABLE_OBJC_ARC = YES;
				CLANG_WARN_BLOCK_CAPTURE_AUTORELEASING = YES;
				CLANG_WARN_BOOL_CONVERSION = YES;
				CLANG_WARN_COMMA = YES;
				CLANG_WARN_CONSTANT_CONVERSION = YES;
				CLANG_WARN_DIRECT_OBJC_ISA_USAGE = YES_ERROR;
				CLANG_WARN_DOCUMENTATION_COMMENTS = YES;
				CLANG_WARN_EMPTY_BODY = YES;
				CLANG_WARN_ENUM_CONVERSION = YES;
				CLANG_WARN_INFINITE_RECURSION = YES;
				CLANG_WARN_INT_CONVERSION = YES;
				CLANG_WARN_NON_LITERAL_NULL_CONVERSION = YES;
				CLANG_WARN_OBJC_LITERAL_CONVERSION = YES;
				CLANG_WARN_OBJC_ROOT_CLASS = YES_ERROR;
				CLANG_WARN_RANGE_LOOP_ANALYSIS = YES;
				CLANG_WARN_STRICT_PROTOTYPES = YES;
				CLANG_WARN_SUSPICIOUS_MOVE = YES;
				CLANG_WARN_UNGUARDED_AVAILABILITY = YES_AGGRESSIVE;
				CLANG_WARN_UNREACHABLE_CODE = YES;
				CLANG_WARN__DUPLICATE_METHOD_MATCH = YES;
				CODE_SIGN_IDENTITY = "iPhone Developer";
				COPY_PHASE_STRIP = NO;
				DEBUG_INFORMATION_FORMAT = "dwarf-with-dsym";
				ENABLE_NS_ASSERTIONS = NO;
				ENABLE_STRICT_OBJC_MSGSEND = YES;
				GCC_C_LANGUAGE_STANDARD = gnu11;
				GCC_NO_COMMON_BLOCKS = YES;
				GCC_WARN_64_TO_32_BIT_CONVERSION = YES;
				GCC_WARN_ABOUT_RETURN_TYPE = YES_ERROR;
				GCC_WARN_UNDECLARED_SELECTOR = YES;
				GCC_WARN_UNINITIALIZED_AUTOS = YES_AGGRESSIVE;
				GCC_WARN_UNUSED_FUNCTION = YES;
				GCC_WARN_UNUSED_VARIABLE = YES;
				IPHONEOS_DEPLOYMENT_TARGET = 11.0;
				MTL_ENABLE_DEBUG_INFO = NO;
				SDKROOT = iphoneos;
				VALIDATE_PRODUCT = YES;
			};
			name = Release;
		};
		2E24BF2C1FC1BDCD004A9F0E /* Debug */ = {
			isa = XCBuildConfiguration;
			buildSettings = {
				ASSETCATALOG_COMPILER_APPICON_NAME = AppIcon;
				CODE_SIGN_STYLE = Automatic;
				INFOPLIST_FILE = CharView/Info.plist;
				LD_RUNPATH_SEARCH_PATHS = "$(inherited) @executable_path/Frameworks";
				PRODUCT_BUNDLE_IDENTIFIER = ZR.CharView;
				PRODUCT_NAME = "$(TARGET_NAME)";
				TARGETED_DEVICE_FAMILY = "1,2";
			};
			name = Debug;
		};
		2E24BF2D1FC1BDCD004A9F0E /* Release */ = {
			isa = XCBuildConfiguration;
			buildSettings = {
				ASSETCATALOG_COMPILER_APPICON_NAME = AppIcon;
				CODE_SIGN_STYLE = Automatic;
				INFOPLIST_FILE = CharView/Info.plist;
				LD_RUNPATH_SEARCH_PATHS = "$(inherited) @executable_path/Frameworks";
				PRODUCT_BUNDLE_IDENTIFIER = ZR.CharView;
				PRODUCT_NAME = "$(TARGET_NAME)";
				TARGETED_DEVICE_FAMILY = "1,2";
			};
			name = Release;
		};
/* End XCBuildConfiguration section */

/* Begin XCConfigurationList section */
		2E24BF101FC1BDCD004A9F0E /* Build configuration list for PBXProject "CharView" */ = {
			isa = XCConfigurationList;
			buildConfigurations = (
				2E24BF291FC1BDCD004A9F0E /* Debug */,
				2E24BF2A1FC1BDCD004A9F0E /* Release */,
			);
			defaultConfigurationIsVisible = 0;
			defaultConfigurationName = Release;
		};
		2E24BF2B1FC1BDCD004A9F0E /* Build configuration list for PBXNativeTarget "CharView" */ = {
			isa = XCConfigurationList;
			buildConfigurations = (
				2E24BF2C1FC1BDCD004A9F0E /* Debug */,
				2E24BF2D1FC1BDCD004A9F0E /* Release */,
			);
			defaultConfigurationIsVisible = 0;
			defaultConfigurationName = Release;
		};
/* End XCConfigurationList section */
	};
	rootObject = 2E24BF0D1FC1BDCD004A9F0E /* Project object */;
}
